# This file is automatically @generated by Cargo.
# It is not intended for manual editing.
[[package]]
name = "fallible_dependent_construction"
version = "0.1.0"
dependencies = [
 "self_cell",
]

[[package]]
name = "lazy_ast"
version = "0.1.0"
dependencies = [
 "once_cell",
 "self_cell",
]

[[package]]
name = "mut_ref_to_owner_in_builder"
version = "0.1.0"
dependencies = [
 "self_cell",
]

[[package]]
name = "once_cell"
version = "1.1.0"
source = "registry+https://github.com/rust-lang/crates.io-index"
checksum = "d6a04cb71e910d0034815600180f62a95bf6e67942d7ab52a166a68c7d7e9cd0"

[[package]]
name = "owner_with_lifetime"
version = "0.1.0"
dependencies = [
 "self_cell",
]

[[package]]
name = "self_cell"
version = "1.1.0"
